
Microsoft Visual Studio Solution File, Format Version 12.00
# Visual Studio Version 17
VisualStudioVersion = 17.1.32210.238
MinimumVisualStudioVersion = 10.0.40219.1
Project("{9A19103F-16F7-4668-BE54-9A1E7A4F7556}") = "PortfolioPerformance-TableHelper", "PortfolioPerformance-TableHelper.csproj", "{3C102A72-6A8B-4300-A9DA-EA78924D7BB5}"
EndProject
Global
	GlobalSection(SolutionConfigurationPlatforms) = preSolution
		Debug|Any CPU = Debug|Any CPU
		Release|Any CPU = Release|Any CPU
	EndGlobalSection
	GlobalSection(ProjectConfigurationPlatforms) = postSolution
		{3C102A72-6A8B-4300-A9DA-EA78924D7BB5}.Debug|Any CPU.ActiveCfg = Debug|Any CPU
		{3C102A72-6A8B-4300-A9DA-EA78924D7BB5}.Debug|Any CPU.Build.0 = Debug|Any CPU
		{3C102A72-6A8B-4300-A9DA-EA78924D7BB5}.Release|Any CPU.ActiveCfg = Release|Any CPU
		{3C102A72-6A8B-4300-A9DA-EA78924D7BB5}.Release|Any CPU.Build.0 = Release|Any CPU
	EndGlobalSection
	GlobalSection(SolutionProperties) = preSolution
		HideSolutionNode = FALSE
	EndGlobalSection
	GlobalSection(ExtensibilityGlobals) = postSolution
		SolutionGuid = {642BCFF1-9CB7-4A92-A6B6-4623F3270BC4}
	EndGlobalSection
EndGlobal
